
Microsoft Visual Studio Solution File, Format Version 12.00
# Visual Studio 15
VisualStudioVersion = 15.0.27703.2026
MinimumVisualStudioVersion = 10.0.40219.1
Project("{FAE04EC0-301F-11D3-BF4B-00C04F79EFBC}") = "StoryCreator", "StoryCreator\StoryCreator.csproj", "{806EF521-950F-430F-AC1A-3FC094CC8130}"
EndProject
Global
	GlobalSection(SolutionConfigurationPlatforms) = preSolution
		Debug|Any CPU = Debug|Any CPU
		Release|Any CPU = Release|Any CPU
	EndGlobalSection
	GlobalSection(ProjectConfigurationPlatforms) = postSolution
		{806EF521-950F-430F-AC1A-3FC094CC8130}.Debug|Any CPU.ActiveCfg = Debug|Any CPU
		{806EF521-950F-430F-AC1A-3FC094CC8130}.Debug|Any CPU.Build.0 = Debug|Any CPU
		{806EF521-950F-430F-AC1A-3FC094CC8130}.Release|Any CPU.ActiveCfg = Release|Any CPU
		{806EF521-950F-430F-AC1A-3FC094CC8130}.Release|Any CPU.Build.0 = Release|Any CPU
	EndGlobalSection
	GlobalSection(SolutionProperties) = preSolution
		HideSolutionNode = FALSE
	EndGlobalSection
	GlobalSection(ExtensibilityGlobals) = postSolution
		SolutionGuid = {96BE0C01-F839-4C30-9A45-FE8C9FF66E16}
	EndGlobalSection
EndGlobal
